
Microsoft Visual Studio Solution File, Format Version 12.00
# Visual Studio 15
VisualStudioVersion = 15.0.27428.2037
MinimumVisualStudioVersion = 10.0.40219.1
Project("{F2A71F9B-5D33-465A-A702-920D77279786}") = "DataProvidersPresentation", "DataProvidersPresentation\DataProvidersPresentation.fsproj", "{367233FD-1CCA-4409-9D13-66C9FCA16B14}"
EndProject
Global
	GlobalSection(SolutionConfigurationPlatforms) = preSolution
		Debug|Any CPU = Debug|Any CPU
		Release|Any CPU = Release|Any CPU
	EndGlobalSection
	GlobalSection(ProjectConfigurationPlatforms) = postSolution
		{367233FD-1CCA-4409-9D13-66C9FCA16B14}.Debug|Any CPU.ActiveCfg = Debug|Any CPU
		{367233FD-1CCA-4409-9D13-66C9FCA16B14}.Debug|Any CPU.Build.0 = Debug|Any CPU
		{367233FD-1CCA-4409-9D13-66C9FCA16B14}.Release|Any CPU.ActiveCfg = Release|Any CPU
		{367233FD-1CCA-4409-9D13-66C9FCA16B14}.Release|Any CPU.Build.0 = Release|Any CPU
	EndGlobalSection
	GlobalSection(SolutionProperties) = preSolution
		HideSolutionNode = FALSE
	EndGlobalSection
	GlobalSection(ExtensibilityGlobals) = postSolution
		SolutionGuid = {8B8C8022-4069-4870-BCF0-BCE71F745FDE}
	EndGlobalSection
EndGlobal
